
Microsoft Visual Studio Solution File, Format Version 12.00
# Visual Studio Version 16
VisualStudioVersion = 16.0.809.6
MinimumVisualStudioVersion = 10.0.40219.1
Project("{FAE04EC0-301F-11D3-BF4B-00C04F79EFBC}") = "SchAppAPI", "SchAppAPI\SchAppAPI.csproj", "{552C3682-8333-401F-94C9-2FC1359C8AC6}"
EndProject
Global
	GlobalSection(SolutionConfigurationPlatforms) = preSolution
		Debug|Any CPU = Debug|Any CPU
		Release|Any CPU = Release|Any CPU
	EndGlobalSection
	GlobalSection(ProjectConfigurationPlatforms) = postSolution
		{552C3682-8333-401F-94C9-2FC1359C8AC6}.Debug|Any CPU.ActiveCfg = Debug|Any CPU
		{552C3682-8333-401F-94C9-2FC1359C8AC6}.Debug|Any CPU.Build.0 = Debug|Any CPU
		{552C3682-8333-401F-94C9-2FC1359C8AC6}.Release|Any CPU.ActiveCfg = Release|Any CPU
		{552C3682-8333-401F-94C9-2FC1359C8AC6}.Release|Any CPU.Build.0 = Release|Any CPU
	EndGlobalSection
	GlobalSection(SolutionProperties) = preSolution
		HideSolutionNode = FALSE
	EndGlobalSection
	GlobalSection(ExtensibilityGlobals) = postSolution
		SolutionGuid = {33293EA8-2715-4D10-8E10-F278D84D9923}
	EndGlobalSection
EndGlobal
